github.com/smallnest/ringbuffer v0.0.0-20241129171057-356c688ba81d h1:Kpy9DIOvTw+Y4Z0A5j+gSNJdU6ChY9UzfuPJo9ReWO8=
github.com/smallnest/ringbuffer v0.0.0-20241129171057-356c688ba81d/go.mod h1:tAG61zBM1DYRaGIPloumExGvScf08oHuo0kFoOqdbT0=
github.com/valyala/bytebufferpool v1.0.0 h1:GqA5TC/0021Y/b9FG4Oi9Mr3q7XYx6KllzawFIhcdPw=
github.com/valyala/bytebufferpool v1.0.0/go.mod h1:6bBcMArwyJ5K/AmCkWv1jt77kVWyCJ6HpOuEn7z0Csc=
